{
  "name": "eleventy-plugin-graphviz",
  "version": "1.0.0",
  "lockfileVersion": 3,
  "requires": true,
  "packages": {
    "": {
      "name": "eleventy-plugin-graphviz",
      "version": "1.0.0",
      "license": "GPL-3.0-or-later",
      "dependencies": {
        "ts-graphviz": "^2.1.6"
      },
      "devDependencies": {
        "@types/node": "^22.15.18",
        "typescript": "^5.8.3"
      }
    },
    "node_modules/@ts-graphviz/adapter": {
      "version": "2.0.6",
      "resolved": "https://registry.npmjs.org/@ts-graphviz/adapter/-/adapter-2.0.6.tgz",
      "integrity": "sha512-kJ10lIMSWMJkLkkCG5gt927SnGZcBuG0s0HHswGzcHTgvtUe7yk5/3zTEr0bafzsodsOq5Gi6FhQeV775nC35Q==",
      "funding": [
        {
          "type": "github",
          "url": "https://github.com/sponsors/ts-graphviz"
        },
        {
          "type": "opencollective",
          "url": "https://opencollective.com/ts-graphviz"
        }
      ],
      "license": "MIT",
      "dependencies": {
        "@ts-graphviz/common": "^2.1.5"
      },
      "engines": {
        "node": ">=18"
      }
    },
    "node_modules/@ts-graphviz/ast": {
      "version": "2.0.7",
      "resolved": "https://registry.npmjs.org/@ts-graphviz/ast/-/ast-2.0.7.tgz",
      "integrity": "sha512-e6+2qtNV99UT6DJSoLbHfkzfyqY84aIuoV8Xlb9+hZAjgpum8iVHprGeAMQ4rF6sKUAxrmY8rfF/vgAwoPc3gw==",
      "funding": [
        {
          "type": "github",
          "url": "https://github.com/sponsors/ts-graphviz"
        },
        {
          "type": "opencollective",
          "url": "https://opencollective.com/ts-graphviz"
        }
      ],
      "license": "MIT",
      "dependencies": {
        "@ts-graphviz/common": "^2.1.5"
      },
      "engines": {
        "node": ">=18"
      }
    },
    "node_modules/@ts-graphviz/common": {
      "version": "2.1.5",
      "resolved": "https://registry.npmjs.org/@ts-graphviz/common/-/common-2.1.5.tgz",
      "integrity": "sha512-S6/9+T6x8j6cr/gNhp+U2olwo1n0jKj/682QVqsh7yXWV6ednHYqxFw0ZsY3LyzT0N8jaZ6jQY9YD99le3cmvg==",
      "funding": [
        {
          "type": "github",
          "url": "https://github.com/sponsors/ts-graphviz"
        },
        {
          "type": "opencollective",
          "url": "https://opencollective.com/ts-graphviz"
        }
      ],
      "license": "MIT",
      "engines": {
        "node": ">=18"
      }
    },
    "node_modules/@ts-graphviz/core": {
      "version": "2.0.7",
      "resolved": "https://registry.npmjs.org/@ts-graphviz/core/-/core-2.0.7.tgz",
      "integrity": "sha512-w071DSzP94YfN6XiWhOxnLpYT3uqtxJBDYdh6Jdjzt+Ce6DNspJsPQgpC7rbts/B8tEkq0LHoYuIF/O5Jh5rPg==",
      "funding": [
        {
          "type": "github",
          "url": "https://github.com/sponsors/ts-graphviz"
        },
        {
          "type": "opencollective",
          "url": "https://opencollective.com/ts-graphviz"
        }
      ],
      "license": "MIT",
      "dependencies": {
        "@ts-graphviz/ast": "^2.0.7",
        "@ts-graphviz/common": "^2.1.5"
      },
      "engines": {
        "node": ">=18"
      }
    },
    "node_modules/@types/node": {
      "version": "22.15.18",
      "resolved": "https://registry.npmjs.org/@types/node/-/node-22.15.18.tgz",
      "integrity": "sha512-v1DKRfUdyW+jJhZNEI1PYy29S2YRxMV5AOO/x/SjKmW0acCIOqmbj6Haf9eHAhsPmrhlHSxEhv/1WszcLWV4cg==",
      "dev": true,
      "license": "MIT",
      "dependencies": {
        "undici-types": "~6.21.0"
      }
    },
    "node_modules/ts-graphviz": {
      "version": "2.1.6",
      "resolved": "https://registry.npmjs.org/ts-graphviz/-/ts-graphviz-2.1.6.tgz",
      "integrity": "sha512-XyLVuhBVvdJTJr2FJJV2L1pc4MwSjMhcunRVgDE9k4wbb2ee7ORYnPewxMWUav12vxyfUM686MSGsqnVRIInuw==",
      "funding": [
        {
          "type": "github",
          "url": "https://github.com/sponsors/ts-graphviz"
        },
        {
          "type": "opencollective",
          "url": "https://opencollective.com/ts-graphviz"
        }
      ],
      "license": "MIT",
      "dependencies": {
        "@ts-graphviz/adapter": "^2.0.6",
        "@ts-graphviz/ast": "^2.0.7",
        "@ts-graphviz/common": "^2.1.5",
        "@ts-graphviz/core": "^2.0.7"
      },
      "engines": {
        "node": ">=18"
      }
    },
    "node_modules/typescript": {
      "version": "5.8.3",
      "resolved": "https://registry.npmjs.org/typescript/-/typescript-5.8.3.tgz",
      "integrity": "sha512-p1diW6TqL9L07nNxvRMM7hMMw4c5XOo/1ibL4aAIGmSAt9slTE1Xgw5KWuof2uTOvCg9BY7ZRi+GaF+7sfgPeQ==",
      "dev": true,
      "license": "Apache-2.0",
      "bin": {
        "tsc": "bin/tsc",
        "tsserver": "bin/tsserver"
      },
      "engines": {
        "node": ">=14.17"
      }
    },
    "node_modules/undici-types": {
      "version": "6.21.0",
      "resolved": "https://registry.npmjs.org/undici-types/-/undici-types-6.21.0.tgz",
      "integrity": "sha512-iwDZqg0QAGrg9Rav5H4n0M64c3mkR59cJ6wQp+7C4nI0gsmExaedaYLNO44eT4AtBBwjbTiGPMlt2Md0T9H9JQ==",
      "dev": true,
      "license": "MIT"
    }
  }
}
